
Microsoft Visual Studio Solution File, Format Version 12.00
# Visual Studio 15
VisualStudioVersion = 15.0.28307.1145
MinimumVisualStudioVersion = 10.0.40219.1
Project("{8BC9CEB8-8B4A-11D0-8D11-00A0C91BC942}") = "Thread_Event", "Thread_Event\Thread_Event.vcxproj", "{4B953DFF-6959-4EDB-BF76-2DA4B3A7451D}"
EndProject
Global
	GlobalSection(SolutionConfigurationPlatforms) = preSolution
		Debug|x64 = Debug|x64
		Debug|x86 = Debug|x86
		Release|x64 = Release|x64
		Release|x86 = Release|x86
	EndGlobalSection
	GlobalSection(ProjectConfigurationPlatforms) = postSolution
		{4B953DFF-6959-4EDB-BF76-2DA4B3A7451D}.Debug|x64.ActiveCfg = Debug|x64
		{4B953DFF-6959-4EDB-BF76-2DA4B3A7451D}.Debug|x64.Build.0 = Debug|x64
		{4B953DFF-6959-4EDB-BF76-2DA4B3A7451D}.Debug|x86.ActiveCfg = Debug|Win32
		{4B953DFF-6959-4EDB-BF76-2DA4B3A7451D}.Debug|x86.Build.0 = Debug|Win32
		{4B953DFF-6959-4EDB-BF76-2DA4B3A7451D}.Release|x64.ActiveCfg = Release|x64
		{4B953DFF-6959-4EDB-BF76-2DA4B3A7451D}.Release|x64.Build.0 = Release|x64
		{4B953DFF-6959-4EDB-BF76-2DA4B3A7451D}.Release|x86.ActiveCfg = Release|Win32
		{4B953DFF-6959-4EDB-BF76-2DA4B3A7451D}.Release|x86.Build.0 = Release|Win32
	EndGlobalSection
	GlobalSection(SolutionProperties) = preSolution
		HideSolutionNode = FALSE
	EndGlobalSection
	GlobalSection(ExtensibilityGlobals) = postSolution
		SolutionGuid = {330364BC-EE1A-4483-87A6-431C3102DC37}
	EndGlobalSection
EndGlobal
