
Microsoft Visual Studio Solution File, Format Version 12.00
# Visual Studio 15
VisualStudioVersion = 15.0.28307.1145
MinimumVisualStudioVersion = 10.0.40219.1
Project("{8BC9CEB8-8B4A-11D0-8D11-00A0C91BC942}") = "Thread_Critical_Section2", "Thread_Critical_Section2\Thread_Critical_Section2.vcxproj", "{5DBA5DAC-379B-40D6-9684-05A72392E158}"
EndProject
Global
	GlobalSection(SolutionConfigurationPlatforms) = preSolution
		Debug|x64 = Debug|x64
		Debug|x86 = Debug|x86
		Release|x64 = Release|x64
		Release|x86 = Release|x86
	EndGlobalSection
	GlobalSection(ProjectConfigurationPlatforms) = postSolution
		{5DBA5DAC-379B-40D6-9684-05A72392E158}.Debug|x64.ActiveCfg = Debug|x64
		{5DBA5DAC-379B-40D6-9684-05A72392E158}.Debug|x64.Build.0 = Debug|x64
		{5DBA5DAC-379B-40D6-9684-05A72392E158}.Debug|x86.ActiveCfg = Debug|Win32
		{5DBA5DAC-379B-40D6-9684-05A72392E158}.Debug|x86.Build.0 = Debug|Win32
		{5DBA5DAC-379B-40D6-9684-05A72392E158}.Release|x64.ActiveCfg = Release|x64
		{5DBA5DAC-379B-40D6-9684-05A72392E158}.Release|x64.Build.0 = Release|x64
		{5DBA5DAC-379B-40D6-9684-05A72392E158}.Release|x86.ActiveCfg = Release|Win32
		{5DBA5DAC-379B-40D6-9684-05A72392E158}.Release|x86.Build.0 = Release|Win32
	EndGlobalSection
	GlobalSection(SolutionProperties) = preSolution
		HideSolutionNode = FALSE
	EndGlobalSection
	GlobalSection(ExtensibilityGlobals) = postSolution
		SolutionGuid = {8257531A-3457-4691-B2DE-AEEEAF4B96FB}
	EndGlobalSection
EndGlobal
